{
  "nodes": {
    "nixpkgs": {
      "locked": {
        "lastModified": 1784124792,
        "narHash": "sha256-xXe8llyCxFacmlnUhf0fTfB6JexnHqO/JTzsfkfM7xw=",
        "owner": "etinquis",
        "repo": "nixpkgs",
        "rev": "8f6a407c211afc63586012299c20c25cd9d73b6e",
        "type": "github"
      },
      "original": {
        "owner": "etinquis",
        "ref": "nixos-26.05",
        "repo": "nixpkgs",
        "type": "github"
      }
    },
    "root": {
      "inputs": {
        "nixpkgs": "nixpkgs"
      }
    }
  },
  "root": "root",
  "version": 7
}
