{
  "nodes": {
    "nixpkgs": {
      "locked": {
        "lastModified": 1782920617,
        "narHash": "sha256-wAJm0dpM76X0FHH4FITO5Q+2r/w5X1kNym4FmrmUluw=",
        "owner": "etinquis",
        "repo": "nixpkgs",
        "rev": "a9a67f705054ec35262e8a44504bfceb06805fe7",
        "type": "github"
      },
      "original": {
        "owner": "etinquis",
        "ref": "nixos-26.05",
        "repo": "nixpkgs",
        "type": "github"
      }
    },
    "root": {
      "inputs": {
        "nixpkgs": "nixpkgs"
      }
    }
  },
  "root": "root",
  "version": 7
}
