{
  "nodes": {
    "nixpkgs": {
      "locked": {
        "lastModified": 1780490452,
        "narHash": "sha256-zzGyEXY0iEZcQGkU9HH+m2wZkiYHRnQLr2hialfPFqk=",
        "owner": "etinquis",
        "repo": "nixpkgs",
        "rev": "ab52fb05e7550f67f332a44d9896274ece722d21",
        "type": "github"
      },
      "original": {
        "owner": "etinquis",
        "ref": "nixos-26.05",
        "repo": "nixpkgs",
        "type": "github"
      }
    },
    "root": {
      "inputs": {
        "nixpkgs": "nixpkgs"
      }
    }
  },
  "root": "root",
  "version": 7
}
